
Microsoft Visual Studio Solution File, Format Version 12.00
# Visual Studio Version 16
VisualStudioVersion = 16.0.31402.337
MinimumVisualStudioVersion = 10.0.40219.1
Project("{FAE04EC0-301F-11D3-BF4B-00C04F79EFBC}") = "ExpenseTracker.UWP", "ExpenseTracker\ExpenseTracker.UWP\ExpenseTracker.UWP.csproj", "{52E8E014-A1E2-4729-A52D-08D85F8AB84A}"
EndProject
Project("{FAE04EC0-301F-11D3-BF4B-00C04F79EFBC}") = "ExpenseTracker.Android", "ExpenseTracker\ExpenseTracker.Android\ExpenseTracker.Android.csproj", "{184D7BC2-9538-407D-8047-F03084B6DB70}"
EndProject
Project("{FAE04EC0-301F-11D3-BF4B-00C04F79EFBC}") = "ExpenseTracker.iOS", "ExpenseTracker\ExpenseTracker.iOS\ExpenseTracker.iOS.csproj", "{A7A080CD-A6BC-469C-B765-616DD496A768}"
EndProject
Project("{FAE04EC0-301F-11D3-BF4B-00C04F79EFBC}") = "ExpenseTracker", "ExpenseTracker\ExpenseTracker\ExpenseTracker.csproj", "{5839BC7C-0F89-4B23-AAE1-8FBB4DDB2529}"
EndProject
Global
	GlobalSection(SolutionConfigurationPlatforms) = preSolution
		Debug|Any CPU = Debug|Any CPU
		Debug|ARM = Debug|ARM
		Debug|iPhone = Debug|iPhone
		Debug|iPhoneSimulator = Debug|iPhoneSimulator
		Debug|x64 = Debug|x64
		Debug|x86 = Debug|x86
		Release|Any CPU = Release|Any CPU
		Release|ARM = Release|ARM
		Release|iPhone = Release|iPhone
		Release|iPhoneSimulator = Release|iPhoneSimulator
		Release|x64 = Release|x64
		Release|x86 = Release|x86
	EndGlobalSection
	GlobalSection(ProjectConfigurationPlatforms) = postSolution
		{52E8E014-A1E2-4729-A52D-08D85F8AB84A}.Debug|Any CPU.ActiveCfg = Debug|x86
		{52E8E014-A1E2-4729-A52D-08D85F8AB84A}.Debug|Any CPU.Build.0 = Debug|x86
		{52E8E014-A1E2-4729-A52D-08D85F8AB84A}.Debug|Any CPU.Deploy.0 = Debug|x86
		{52E8E014-A1E2-4729-A52D-08D85F8AB84A}.Debug|ARM.ActiveCfg = Debug|ARM
		{52E8E014-A1E2-4729-A52D-08D85F8AB84A}.Debug|ARM.Build.0 = Debug|ARM
		{52E8E014-A1E2-4729-A52D-08D85F8AB84A}.Debug|ARM.Deploy.0 = Debug|ARM
		{52E8E014-A1E2-4729-A52D-08D85F8AB84A}.Debug|iPhone.ActiveCfg = Debug|x86
		{52E8E014-A1E2-4729-A52D-08D85F8AB84A}.Debug|iPhone.Build.0 = Debug|x86
		{52E8E014-A1E2-4729-A52D-08D85F8AB84A}.Debug|iPhone.Deploy.0 = Debug|x86
		{52E8E014-A1E2-4729-A52D-08D85F8AB84A}.Debug|iPhoneSimulator.ActiveCfg = Debug|x86
		{52E8E014-A1E2-4729-A52D-08D85F8AB84A}.Debug|iPhoneSimulator.Build.0 = Debug|x86
		{52E8E014-A1E2-4729-A52D-08D85F8AB84A}.Debug|iPhoneSimulator.Deploy.0 = Debug|x86
		{52E8E014-A1E2-4729-A52D-08D85F8AB84A}.Debug|x64.ActiveCfg = Debug|x64
		{52E8E014-A1E2-4729-A52D-08D85F8AB84A}.Debug|x64.Build.0 = Debug|x64
		{52E8E014-A1E2-4729-A52D-08D85F8AB84A}.Debug|x64.Deploy.0 = Debug|x64
		{52E8E014-A1E2-4729-A52D-08D85F8AB84A}.Debug|x86.ActiveCfg = Debug|x86
		{52E8E014-A1E2-4729-A52D-08D85F8AB84A}.Debug|x86.Build.0 = Debug|x86
		{52E8E014-A1E2-4729-A52D-08D85F8AB84A}.Debug|x86.Deploy.0 = Debug|x86
		{52E8E014-A1E2-4729-A52D-08D85F8AB84A}.Release|Any CPU.ActiveCfg = Release|x86
		{52E8E014-A1E2-4729-A52D-08D85F8AB84A}.Release|Any CPU.Build.0 = Release|x86
		{52E8E014-A1E2-4729-A52D-08D85F8AB84A}.Release|Any CPU.Deploy.0 = Release|x86
		{52E8E014-A1E2-4729-A52D-08D85F8AB84A}.Release|ARM.ActiveCfg = Release|ARM
		{52E8E014-A1E2-4729-A52D-08D85F8AB84A}.Release|ARM.Build.0 = Release|ARM
		{52E8E014-A1E2-4729-A52D-08D85F8AB84A}.Release|ARM.Deploy.0 = Release|ARM
		{52E8E014-A1E2-4729-A52D-08D85F8AB84A}.Release|iPhone.ActiveCfg = Release|x86
		{52E8E014-A1E2-4729-A52D-08D85F8AB84A}.Release|iPhone.Build.0 = Release|x86
		{52E8E014-A1E2-4729-A52D-08D85F8AB84A}.Release|iPhone.Deploy.0 = Release|x86
		{52E8E014-A1E2-4729-A52D-08D85F8AB84A}.Release|iPhoneSimulator.ActiveCfg = Release|x86
		{52E8E014-A1E2-4729-A52D-08D85F8AB84A}.Release|iPhoneSimulator.Build.0 = Release|x86
		{52E8E014-A1E2-4729-A52D-08D85F8AB84A}.Release|iPhoneSimulator.Deploy.0 = Release|x86
		{52E8E014-A1E2-4729-A52D-08D85F8AB84A}.Release|x64.ActiveCfg = Release|x64
		{52E8E014-A1E2-4729-A52D-08D85F8AB84A}.Release|x64.Build.0 = Release|x64
		{52E8E014-A1E2-4729-A52D-08D85F8AB84A}.Release|x64.Deploy.0 = Release|x64
		{52E8E014-A1E2-4729-A52D-08D85F8AB84A}.Release|x86.ActiveCfg = Release|x86
		{52E8E014-A1E2-4729-A52D-08D85F8AB84A}.Release|x86.Build.0 = Release|x86
		{52E8E014-A1E2-4729-A52D-08D85F8AB84A}.Release|x86.Deploy.0 = Release|x86
		{184D7BC2-9538-407D-8047-F03084B6DB70}.Debug|Any CPU.ActiveCfg = Debug|Any CPU
		{184D7BC2-9538-407D-8047-F03084B6DB70}.Debug|Any CPU.Build.0 = Debug|Any CPU
		{184D7BC2-9538-407D-8047-F03084B6DB70}.Debug|Any CPU.Deploy.0 = Debug|Any CPU
		{184D7BC2-9538-407D-8047-F03084B6DB70}.Debug|ARM.ActiveCfg = Debug|Any CPU
		{184D7BC2-9538-407D-8047-F03084B6DB70}.Debug|ARM.Build.0 = Debug|Any CPU
		{184D7BC2-9538-407D-8047-F03084B6DB70}.Debug|ARM.Deploy.0 = Debug|Any CPU
		{184D7BC2-9538-407D-8047-F03084B6DB70}.Debug|iPhone.ActiveCfg = Debug|Any CPU
		{184D7BC2-9538-407D-8047-F03084B6DB70}.Debug|iPhone.Build.0 = Debug|Any CPU
		{184D7BC2-9538-407D-8047-F03084B6DB70}.Debug|iPhone.Deploy.0 = Debug|Any CPU
		{184D7BC2-9538-407D-8047-F03084B6DB70}.Debug|iPhoneSimulator.ActiveCfg = Debug|Any CPU
		{184D7BC2-9538-407D-8047-F03084B6DB70}.Debug|iPhoneSimulator.Build.0 = Debug|Any CPU
		{184D7BC2-9538-407D-8047-F03084B6DB70}.Debug|iPhoneSimulator.Deploy.0 = Debug|Any CPU
		{184D7BC2-9538-407D-8047-F03084B6DB70}.Debug|x64.ActiveCfg = Debug|Any CPU
		{184D7BC2-9538-407D-8047-F03084B6DB70}.Debug|x64.Build.0 = Debug|Any CPU
		{184D7BC2-9538-407D-8047-F03084B6DB70}.Debug|x64.Deploy.0 = Debug|Any CPU
		{184D7BC2-9538-407D-8047-F03084B6DB70}.Debug|x86.ActiveCfg = Debug|Any CPU
		{184D7BC2-9538-407D-8047-F03084B6DB70}.Debug|x86.Build.0 = Debug|Any CPU
		{184D7BC2-9538-407D-8047-F03084B6DB70}.Debug|x86.Deploy.0 = Debug|Any CPU
		{184D7BC2-9538-407D-8047-F03084B6DB70}.Release|Any CPU.ActiveCfg = Release|Any CPU
		{184D7BC2-9538-407D-8047-F03084B6DB70}.Release|Any CPU.Build.0 = Release|Any CPU
		{184D7BC2-9538-407D-8047-F03084B6DB70}.Release|Any CPU.Deploy.0 = Release|Any CPU
		{184D7BC2-9538-407D-8047-F03084B6DB70}.Release|ARM.ActiveCfg = Release|Any CPU
		{184D7BC2-9538-407D-8047-F03084B6DB70}.Release|ARM.Build.0 = Release|Any CPU
		{184D7BC2-9538-407D-8047-F03084B6DB70}.Release|ARM.Deploy.0 = Release|Any CPU
		{184D7BC2-9538-407D-8047-F03084B6DB70}.Release|iPhone.ActiveCfg = Release|Any CPU
		{184D7BC2-9538-407D-8047-F03084B6DB70}.Release|iPhone.Build.0 = Release|Any CPU
		{184D7BC2-9538-407D-8047-F03084B6DB70}.Release|iPhone.Deploy.0 = Release|Any CPU
		{184D7BC2-9538-407D-8047-F03084B6DB70}.Release|iPhoneSimulator.ActiveCfg = Release|Any CPU
		{184D7BC2-9538-407D-8047-F03084B6DB70}.Release|iPhoneSimulator.Build.0 = Release|Any CPU
		{184D7BC2-9538-407D-8047-F03084B6DB70}.Release|iPhoneSimulator.Deploy.0 = Release|Any CPU
		{184D7BC2-9538-407D-8047-F03084B6DB70}.Release|x64.ActiveCfg = Release|Any CPU
		{184D7BC2-9538-407D-8047-F03084B6DB70}.Release|x64.Build.0 = Release|Any CPU
		{184D7BC2-9538-407D-8047-F03084B6DB70}.Release|x64.Deploy.0 = Release|Any CPU
		{184D7BC2-9538-407D-8047-F03084B6DB70}.Release|x86.ActiveCfg = Release|Any CPU
		{184D7BC2-9538-407D-8047-F03084B6DB70}.Release|x86.Build.0 = Release|Any CPU
		{184D7BC2-9538-407D-8047-F03084B6DB70}.Release|x86.Deploy.0 = Release|Any CPU
		{A7A080CD-A6BC-469C-B765-616DD496A768}.Debug|Any CPU.ActiveCfg = Debug|iPhoneSimulator
		{A7A080CD-A6BC-469C-B765-616DD496A768}.Debug|Any CPU.Build.0 = Debug|iPhoneSimulator
		{A7A080CD-A6BC-469C-B765-616DD496A768}.Debug|Any CPU.Deploy.0 = Debug|iPhoneSimulator
		{A7A080CD-A6BC-469C-B765-616DD496A768}.Debug|ARM.ActiveCfg = Debug|iPhone
		{A7A080CD-A6BC-469C-B765-616DD496A768}.Debug|ARM.Build.0 = Debug|iPhone
		{A7A080CD-A6BC-469C-B765-616DD496A768}.Debug|ARM.Deploy.0 = Debug|iPhone
		{A7A080CD-A6BC-469C-B765-616DD496A768}.Debug|iPhone.ActiveCfg = Debug|iPhone
		{A7A080CD-A6BC-469C-B765-616DD496A768}.Debug|iPhone.Build.0 = Debug|iPhone
		{A7A080CD-A6BC-469C-B765-616DD496A768}.Debug|iPhone.Deploy.0 = Debug|iPhone
		{A7A080CD-A6BC-469C-B765-616DD496A768}.Debug|iPhoneSimulator.ActiveCfg = Debug|iPhoneSimulator
		{A7A080CD-A6BC-469C-B765-616DD496A768}.Debug|iPhoneSimulator.Build.0 = Debug|iPhoneSimulator
		{A7A080CD-A6BC-469C-B765-616DD496A768}.Debug|iPhoneSimulator.Deploy.0 = Debug|iPhoneSimulator
		{A7A080CD-A6BC-469C-B765-616DD496A768}.Debug|x64.ActiveCfg = Debug|iPhoneSimulator
		{A7A080CD-A6BC-469C-B765-616DD496A768}.Debug|x64.Build.0 = Debug|iPhoneSimulator
		{A7A080CD-A6BC-469C-B765-616DD496A768}.Debug|x64.Deploy.0 = Debug|iPhoneSimulator
		{A7A080CD-A6BC-469C-B765-616DD496A768}.Debug|x86.ActiveCfg = Debug|iPhoneSimulator
		{A7A080CD-A6BC-469C-B765-616DD496A768}.Debug|x86.Build.0 = Debug|iPhoneSimulator
		{A7A080CD-A6BC-469C-B765-616DD496A768}.Debug|x86.Deploy.0 = Debug|iPhoneSimulator
		{A7A080CD-A6BC-469C-B765-616DD496A768}.Release|Any CPU.ActiveCfg = Release|iPhoneSimulator
		{A7A080CD-A6BC-469C-B765-616DD496A768}.Release|Any CPU.Build.0 = Release|iPhoneSimulator
		{A7A080CD-A6BC-469C-B765-616DD496A768}.Release|Any CPU.Deploy.0 = Release|iPhoneSimulator
		{A7A080CD-A6BC-469C-B765-616DD496A768}.Release|ARM.ActiveCfg = Release|iPhoneSimulator
		{A7A080CD-A6BC-469C-B765-616DD496A768}.Release|ARM.Build.0 = Release|iPhoneSimulator
		{A7A080CD-A6BC-469C-B765-616DD496A768}.Release|ARM.Deploy.0 = Release|iPhoneSimulator
		{A7A080CD-A6BC-469C-B765-616DD496A768}.Release|iPhone.ActiveCfg = Release|iPhone
		{A7A080CD-A6BC-469C-B765-616DD496A768}.Release|iPhone.Build.0 = Release|iPhone
		{A7A080CD-A6BC-469C-B765-616DD496A768}.Release|iPhone.Deploy.0 = Release|iPhone
		{A7A080CD-A6BC-469C-B765-616DD496A768}.Release|iPhoneSimulator.ActiveCfg = Release|iPhoneSimulator
		{A7A080CD-A6BC-469C-B765-616DD496A768}.Release|iPhoneSimulator.Build.0 = Release|iPhoneSimulator
		{A7A080CD-A6BC-469C-B765-616DD496A768}.Release|iPhoneSimulator.Deploy.0 = Release|iPhoneSimulator
		{A7A080CD-A6BC-469C-B765-616DD496A768}.Release|x64.ActiveCfg = Release|iPhoneSimulator
		{A7A080CD-A6BC-469C-B765-616DD496A768}.Release|x64.Build.0 = Release|iPhoneSimulator
		{A7A080CD-A6BC-469C-B765-616DD496A768}.Release|x64.Deploy.0 = Release|iPhoneSimulator
		{A7A080CD-A6BC-469C-B765-616DD496A768}.Release|x86.ActiveCfg = Release|iPhoneSimulator
		{A7A080CD-A6BC-469C-B765-616DD496A768}.Release|x86.Build.0 = Release|iPhoneSimulator
		{A7A080CD-A6BC-469C-B765-616DD496A768}.Release|x86.Deploy.0 = Release|iPhoneSimulator
		{5839BC7C-0F89-4B23-AAE1-8FBB4DDB2529}.Debug|Any CPU.ActiveCfg = Debug|Any CPU
		{5839BC7C-0F89-4B23-AAE1-8FBB4DDB2529}.Debug|Any CPU.Build.0 = Debug|Any CPU
		{5839BC7C-0F89-4B23-AAE1-8FBB4DDB2529}.Debug|Any CPU.Deploy.0 = Debug|Any CPU
		{5839BC7C-0F89-4B23-AAE1-8FBB4DDB2529}.Debug|ARM.ActiveCfg = Debug|Any CPU
		{5839BC7C-0F89-4B23-AAE1-8FBB4DDB2529}.Debug|ARM.Build.0 = Debug|Any CPU
		{5839BC7C-0F89-4B23-AAE1-8FBB4DDB2529}.Debug|ARM.Deploy.0 = Debug|Any CPU
		{5839BC7C-0F89-4B23-AAE1-8FBB4DDB2529}.Debug|iPhone.ActiveCfg = Debug|Any CPU
		{5839BC7C-0F89-4B23-AAE1-8FBB4DDB2529}.Debug|iPhone.Build.0 = Debug|Any CPU
		{5839BC7C-0F89-4B23-AAE1-8FBB4DDB2529}.Debug|iPhone.Deploy.0 = Debug|Any CPU
		{5839BC7C-0F89-4B23-AAE1-8FBB4DDB2529}.Debug|iPhoneSimulator.ActiveCfg = Debug|Any CPU
		{5839BC7C-0F89-4B23-AAE1-8FBB4DDB2529}.Debug|iPhoneSimulator.Build.0 = Debug|Any CPU
		{5839BC7C-0F89-4B23-AAE1-8FBB4DDB2529}.Debug|iPhoneSimulator.Deploy.0 = Debug|Any CPU
		{5839BC7C-0F89-4B23-AAE1-8FBB4DDB2529}.Debug|x64.ActiveCfg = Debug|Any CPU
		{5839BC7C-0F89-4B23-AAE1-8FBB4DDB2529}.Debug|x64.Build.0 = Debug|Any CPU
		{5839BC7C-0F89-4B23-AAE1-8FBB4DDB2529}.Debug|x64.Deploy.0 = Debug|Any CPU
		{5839BC7C-0F89-4B23-AAE1-8FBB4DDB2529}.Debug|x86.ActiveCfg = Debug|Any CPU
		{5839BC7C-0F89-4B23-AAE1-8FBB4DDB2529}.Debug|x86.Build.0 = Debug|Any CPU
		{5839BC7C-0F89-4B23-AAE1-8FBB4DDB2529}.Debug|x86.Deploy.0 = Debug|Any CPU
		{5839BC7C-0F89-4B23-AAE1-8FBB4DDB2529}.Release|Any CPU.ActiveCfg = Release|Any CPU
		{5839BC7C-0F89-4B23-AAE1-8FBB4DDB2529}.Release|Any CPU.Build.0 = Release|Any CPU
		{5839BC7C-0F89-4B23-AAE1-8FBB4DDB2529}.Release|Any CPU.Deploy.0 = Release|Any CPU
		{5839BC7C-0F89-4B23-AAE1-8FBB4DDB2529}.Release|ARM.ActiveCfg = Release|Any CPU
		{5839BC7C-0F89-4B23-AAE1-8FBB4DDB2529}.Release|ARM.Build.0 = Release|Any CPU
		{5839BC7C-0F89-4B23-AAE1-8FBB4DDB2529}.Release|ARM.Deploy.0 = Release|Any CPU
		{5839BC7C-0F89-4B23-AAE1-8FBB4DDB2529}.Release|iPhone.ActiveCfg = Release|Any CPU
		{5839BC7C-0F89-4B23-AAE1-8FBB4DDB2529}.Release|iPhone.Build.0 = Release|Any CPU
		{5839BC7C-0F89-4B23-AAE1-8FBB4DDB2529}.Release|iPhone.Deploy.0 = Release|Any CPU
		{5839BC7C-0F89-4B23-AAE1-8FBB4DDB2529}.Release|iPhoneSimulator.ActiveCfg = Release|Any CPU
		{5839BC7C-0F89-4B23-AAE1-8FBB4DDB2529}.Release|iPhoneSimulator.Build.0 = Release|Any CPU
		{5839BC7C-0F89-4B23-AAE1-8FBB4DDB2529}.Release|iPhoneSimulator.Deploy.0 = Release|Any CPU
		{5839BC7C-0F89-4B23-AAE1-8FBB4DDB2529}.Release|x64.ActiveCfg = Release|Any CPU
		{5839BC7C-0F89-4B23-AAE1-8FBB4DDB2529}.Release|x64.Build.0 = Release|Any CPU
		{5839BC7C-0F89-4B23-AAE1-8FBB4DDB2529}.Release|x64.Deploy.0 = Release|Any CPU
		{5839BC7C-0F89-4B23-AAE1-8FBB4DDB2529}.Release|x86.ActiveCfg = Release|Any CPU
		{5839BC7C-0F89-4B23-AAE1-8FBB4DDB2529}.Release|x86.Build.0 = Release|Any CPU
		{5839BC7C-0F89-4B23-AAE1-8FBB4DDB2529}.Release|x86.Deploy.0 = Release|Any CPU
	EndGlobalSection
	GlobalSection(SolutionProperties) = preSolution
		HideSolutionNode = FALSE
	EndGlobalSection
	GlobalSection(ExtensibilityGlobals) = postSolution
		SolutionGuid = {2C9F108F-34E2-4B49-A113-878F8911ACB8}
	EndGlobalSection
EndGlobal
