
Microsoft Visual Studio Solution File, Format Version 12.00
# Visual Studio Version 16
VisualStudioVersion = 16.0.31402.337
MinimumVisualStudioVersion = 10.0.40219.1
Project("{FAE04EC0-301F-11D3-BF4B-00C04F79EFBC}") = "SFPieChartTest.UWP", "SFPieChartTest\SFPieChartTest.UWP\SFPieChartTest.UWP.csproj", "{EBD1168B-62AA-481E-BAE4-4104D36A7FA8}"
EndProject
Project("{FAE04EC0-301F-11D3-BF4B-00C04F79EFBC}") = "SFPieChartTest.Android", "SFPieChartTest\SFPieChartTest.Android\SFPieChartTest.Android.csproj", "{0032CDBC-4E05-4EC6-8721-C7847F68FE3A}"
EndProject
Project("{FAE04EC0-301F-11D3-BF4B-00C04F79EFBC}") = "SFPieChartTest.iOS", "SFPieChartTest\SFPieChartTest.iOS\SFPieChartTest.iOS.csproj", "{53094F6C-5820-4392-8BE1-B105E36745A3}"
EndProject
Project("{FAE04EC0-301F-11D3-BF4B-00C04F79EFBC}") = "SFPieChartTest", "SFPieChartTest\SFPieChartTest\SFPieChartTest.csproj", "{604D53CE-B253-4B9C-931C-B5E765BBA236}"
EndProject
Global
	GlobalSection(SolutionConfigurationPlatforms) = preSolution
		Debug|Any CPU = Debug|Any CPU
		Debug|ARM = Debug|ARM
		Debug|iPhone = Debug|iPhone
		Debug|iPhoneSimulator = Debug|iPhoneSimulator
		Debug|x64 = Debug|x64
		Debug|x86 = Debug|x86
		Release|Any CPU = Release|Any CPU
		Release|ARM = Release|ARM
		Release|iPhone = Release|iPhone
		Release|iPhoneSimulator = Release|iPhoneSimulator
		Release|x64 = Release|x64
		Release|x86 = Release|x86
	EndGlobalSection
	GlobalSection(ProjectConfigurationPlatforms) = postSolution
		{EBD1168B-62AA-481E-BAE4-4104D36A7FA8}.Debug|Any CPU.ActiveCfg = Debug|x86
		{EBD1168B-62AA-481E-BAE4-4104D36A7FA8}.Debug|Any CPU.Build.0 = Debug|x86
		{EBD1168B-62AA-481E-BAE4-4104D36A7FA8}.Debug|Any CPU.Deploy.0 = Debug|x86
		{EBD1168B-62AA-481E-BAE4-4104D36A7FA8}.Debug|ARM.ActiveCfg = Debug|ARM
		{EBD1168B-62AA-481E-BAE4-4104D36A7FA8}.Debug|ARM.Build.0 = Debug|ARM
		{EBD1168B-62AA-481E-BAE4-4104D36A7FA8}.Debug|ARM.Deploy.0 = Debug|ARM
		{EBD1168B-62AA-481E-BAE4-4104D36A7FA8}.Debug|iPhone.ActiveCfg = Debug|x86
		{EBD1168B-62AA-481E-BAE4-4104D36A7FA8}.Debug|iPhone.Build.0 = Debug|x86
		{EBD1168B-62AA-481E-BAE4-4104D36A7FA8}.Debug|iPhone.Deploy.0 = Debug|x86
		{EBD1168B-62AA-481E-BAE4-4104D36A7FA8}.Debug|iPhoneSimulator.ActiveCfg = Debug|x86
		{EBD1168B-62AA-481E-BAE4-4104D36A7FA8}.Debug|iPhoneSimulator.Build.0 = Debug|x86
		{EBD1168B-62AA-481E-BAE4-4104D36A7FA8}.Debug|iPhoneSimulator.Deploy.0 = Debug|x86
		{EBD1168B-62AA-481E-BAE4-4104D36A7FA8}.Debug|x64.ActiveCfg = Debug|x64
		{EBD1168B-62AA-481E-BAE4-4104D36A7FA8}.Debug|x64.Build.0 = Debug|x64
		{EBD1168B-62AA-481E-BAE4-4104D36A7FA8}.Debug|x64.Deploy.0 = Debug|x64
		{EBD1168B-62AA-481E-BAE4-4104D36A7FA8}.Debug|x86.ActiveCfg = Debug|x86
		{EBD1168B-62AA-481E-BAE4-4104D36A7FA8}.Debug|x86.Build.0 = Debug|x86
		{EBD1168B-62AA-481E-BAE4-4104D36A7FA8}.Debug|x86.Deploy.0 = Debug|x86
		{EBD1168B-62AA-481E-BAE4-4104D36A7FA8}.Release|Any CPU.ActiveCfg = Release|x86
		{EBD1168B-62AA-481E-BAE4-4104D36A7FA8}.Release|Any CPU.Build.0 = Release|x86
		{EBD1168B-62AA-481E-BAE4-4104D36A7FA8}.Release|Any CPU.Deploy.0 = Release|x86
		{EBD1168B-62AA-481E-BAE4-4104D36A7FA8}.Release|ARM.ActiveCfg = Release|ARM
		{EBD1168B-62AA-481E-BAE4-4104D36A7FA8}.Release|ARM.Build.0 = Release|ARM
		{EBD1168B-62AA-481E-BAE4-4104D36A7FA8}.Release|ARM.Deploy.0 = Release|ARM
		{EBD1168B-62AA-481E-BAE4-4104D36A7FA8}.Release|iPhone.ActiveCfg = Release|x86
		{EBD1168B-62AA-481E-BAE4-4104D36A7FA8}.Release|iPhone.Build.0 = Release|x86
		{EBD1168B-62AA-481E-BAE4-4104D36A7FA8}.Release|iPhone.Deploy.0 = Release|x86
		{EBD1168B-62AA-481E-BAE4-4104D36A7FA8}.Release|iPhoneSimulator.ActiveCfg = Release|x86
		{EBD1168B-62AA-481E-BAE4-4104D36A7FA8}.Release|iPhoneSimulator.Build.0 = Release|x86
		{EBD1168B-62AA-481E-BAE4-4104D36A7FA8}.Release|iPhoneSimulator.Deploy.0 = Release|x86
		{EBD1168B-62AA-481E-BAE4-4104D36A7FA8}.Release|x64.ActiveCfg = Release|x64
		{EBD1168B-62AA-481E-BAE4-4104D36A7FA8}.Release|x64.Build.0 = Release|x64
		{EBD1168B-62AA-481E-BAE4-4104D36A7FA8}.Release|x64.Deploy.0 = Release|x64
		{EBD1168B-62AA-481E-BAE4-4104D36A7FA8}.Release|x86.ActiveCfg = Release|x86
		{EBD1168B-62AA-481E-BAE4-4104D36A7FA8}.Release|x86.Build.0 = Release|x86
		{EBD1168B-62AA-481E-BAE4-4104D36A7FA8}.Release|x86.Deploy.0 = Release|x86
		{0032CDBC-4E05-4EC6-8721-C7847F68FE3A}.Debug|Any CPU.ActiveCfg = Debug|Any CPU
		{0032CDBC-4E05-4EC6-8721-C7847F68FE3A}.Debug|Any CPU.Build.0 = Debug|Any CPU
		{0032CDBC-4E05-4EC6-8721-C7847F68FE3A}.Debug|Any CPU.Deploy.0 = Debug|Any CPU
		{0032CDBC-4E05-4EC6-8721-C7847F68FE3A}.Debug|ARM.ActiveCfg = Debug|Any CPU
		{0032CDBC-4E05-4EC6-8721-C7847F68FE3A}.Debug|ARM.Build.0 = Debug|Any CPU
		{0032CDBC-4E05-4EC6-8721-C7847F68FE3A}.Debug|ARM.Deploy.0 = Debug|Any CPU
		{0032CDBC-4E05-4EC6-8721-C7847F68FE3A}.Debug|iPhone.ActiveCfg = Debug|Any CPU
		{0032CDBC-4E05-4EC6-8721-C7847F68FE3A}.Debug|iPhone.Build.0 = Debug|Any CPU
		{0032CDBC-4E05-4EC6-8721-C7847F68FE3A}.Debug|iPhone.Deploy.0 = Debug|Any CPU
		{0032CDBC-4E05-4EC6-8721-C7847F68FE3A}.Debug|iPhoneSimulator.ActiveCfg = Debug|Any CPU
		{0032CDBC-4E05-4EC6-8721-C7847F68FE3A}.Debug|iPhoneSimulator.Build.0 = Debug|Any CPU
		{0032CDBC-4E05-4EC6-8721-C7847F68FE3A}.Debug|iPhoneSimulator.Deploy.0 = Debug|Any CPU
		{0032CDBC-4E05-4EC6-8721-C7847F68FE3A}.Debug|x64.ActiveCfg = Debug|Any CPU
		{0032CDBC-4E05-4EC6-8721-C7847F68FE3A}.Debug|x64.Build.0 = Debug|Any CPU
		{0032CDBC-4E05-4EC6-8721-C7847F68FE3A}.Debug|x64.Deploy.0 = Debug|Any CPU
		{0032CDBC-4E05-4EC6-8721-C7847F68FE3A}.Debug|x86.ActiveCfg = Debug|Any CPU
		{0032CDBC-4E05-4EC6-8721-C7847F68FE3A}.Debug|x86.Build.0 = Debug|Any CPU
		{0032CDBC-4E05-4EC6-8721-C7847F68FE3A}.Debug|x86.Deploy.0 = Debug|Any CPU
		{0032CDBC-4E05-4EC6-8721-C7847F68FE3A}.Release|Any CPU.ActiveCfg = Release|Any CPU
		{0032CDBC-4E05-4EC6-8721-C7847F68FE3A}.Release|Any CPU.Build.0 = Release|Any CPU
		{0032CDBC-4E05-4EC6-8721-C7847F68FE3A}.Release|Any CPU.Deploy.0 = Release|Any CPU
		{0032CDBC-4E05-4EC6-8721-C7847F68FE3A}.Release|ARM.ActiveCfg = Release|Any CPU
		{0032CDBC-4E05-4EC6-8721-C7847F68FE3A}.Release|ARM.Build.0 = Release|Any CPU
		{0032CDBC-4E05-4EC6-8721-C7847F68FE3A}.Release|ARM.Deploy.0 = Release|Any CPU
		{0032CDBC-4E05-4EC6-8721-C7847F68FE3A}.Release|iPhone.ActiveCfg = Release|Any CPU
		{0032CDBC-4E05-4EC6-8721-C7847F68FE3A}.Release|iPhone.Build.0 = Release|Any CPU
		{0032CDBC-4E05-4EC6-8721-C7847F68FE3A}.Release|iPhone.Deploy.0 = Release|Any CPU
		{0032CDBC-4E05-4EC6-8721-C7847F68FE3A}.Release|iPhoneSimulator.ActiveCfg = Release|Any CPU
		{0032CDBC-4E05-4EC6-8721-C7847F68FE3A}.Release|iPhoneSimulator.Build.0 = Release|Any CPU
		{0032CDBC-4E05-4EC6-8721-C7847F68FE3A}.Release|iPhoneSimulator.Deploy.0 = Release|Any CPU
		{0032CDBC-4E05-4EC6-8721-C7847F68FE3A}.Release|x64.ActiveCfg = Release|Any CPU
		{0032CDBC-4E05-4EC6-8721-C7847F68FE3A}.Release|x64.Build.0 = Release|Any CPU
		{0032CDBC-4E05-4EC6-8721-C7847F68FE3A}.Release|x64.Deploy.0 = Release|Any CPU
		{0032CDBC-4E05-4EC6-8721-C7847F68FE3A}.Release|x86.ActiveCfg = Release|Any CPU
		{0032CDBC-4E05-4EC6-8721-C7847F68FE3A}.Release|x86.Build.0 = Release|Any CPU
		{0032CDBC-4E05-4EC6-8721-C7847F68FE3A}.Release|x86.Deploy.0 = Release|Any CPU
		{53094F6C-5820-4392-8BE1-B105E36745A3}.Debug|Any CPU.ActiveCfg = Debug|iPhoneSimulator
		{53094F6C-5820-4392-8BE1-B105E36745A3}.Debug|Any CPU.Build.0 = Debug|iPhoneSimulator
		{53094F6C-5820-4392-8BE1-B105E36745A3}.Debug|Any CPU.Deploy.0 = Debug|iPhoneSimulator
		{53094F6C-5820-4392-8BE1-B105E36745A3}.Debug|ARM.ActiveCfg = Debug|iPhone
		{53094F6C-5820-4392-8BE1-B105E36745A3}.Debug|ARM.Build.0 = Debug|iPhone
		{53094F6C-5820-4392-8BE1-B105E36745A3}.Debug|ARM.Deploy.0 = Debug|iPhone
		{53094F6C-5820-4392-8BE1-B105E36745A3}.Debug|iPhone.ActiveCfg = Debug|iPhone
		{53094F6C-5820-4392-8BE1-B105E36745A3}.Debug|iPhone.Build.0 = Debug|iPhone
		{53094F6C-5820-4392-8BE1-B105E36745A3}.Debug|iPhone.Deploy.0 = Debug|iPhone
		{53094F6C-5820-4392-8BE1-B105E36745A3}.Debug|iPhoneSimulator.ActiveCfg = Debug|iPhoneSimulator
		{53094F6C-5820-4392-8BE1-B105E36745A3}.Debug|iPhoneSimulator.Build.0 = Debug|iPhoneSimulator
		{53094F6C-5820-4392-8BE1-B105E36745A3}.Debug|iPhoneSimulator.Deploy.0 = Debug|iPhoneSimulator
		{53094F6C-5820-4392-8BE1-B105E36745A3}.Debug|x64.ActiveCfg = Debug|iPhoneSimulator
		{53094F6C-5820-4392-8BE1-B105E36745A3}.Debug|x64.Build.0 = Debug|iPhoneSimulator
		{53094F6C-5820-4392-8BE1-B105E36745A3}.Debug|x64.Deploy.0 = Debug|iPhoneSimulator
		{53094F6C-5820-4392-8BE1-B105E36745A3}.Debug|x86.ActiveCfg = Debug|iPhoneSimulator
		{53094F6C-5820-4392-8BE1-B105E36745A3}.Debug|x86.Build.0 = Debug|iPhoneSimulator
		{53094F6C-5820-4392-8BE1-B105E36745A3}.Debug|x86.Deploy.0 = Debug|iPhoneSimulator
		{53094F6C-5820-4392-8BE1-B105E36745A3}.Release|Any CPU.ActiveCfg = Release|iPhoneSimulator
		{53094F6C-5820-4392-8BE1-B105E36745A3}.Release|Any CPU.Build.0 = Release|iPhoneSimulator
		{53094F6C-5820-4392-8BE1-B105E36745A3}.Release|Any CPU.Deploy.0 = Release|iPhoneSimulator
		{53094F6C-5820-4392-8BE1-B105E36745A3}.Release|ARM.ActiveCfg = Release|iPhoneSimulator
		{53094F6C-5820-4392-8BE1-B105E36745A3}.Release|ARM.Build.0 = Release|iPhoneSimulator
		{53094F6C-5820-4392-8BE1-B105E36745A3}.Release|ARM.Deploy.0 = Release|iPhoneSimulator
		{53094F6C-5820-4392-8BE1-B105E36745A3}.Release|iPhone.ActiveCfg = Release|iPhone
		{53094F6C-5820-4392-8BE1-B105E36745A3}.Release|iPhone.Build.0 = Release|iPhone
		{53094F6C-5820-4392-8BE1-B105E36745A3}.Release|iPhone.Deploy.0 = Release|iPhone
		{53094F6C-5820-4392-8BE1-B105E36745A3}.Release|iPhoneSimulator.ActiveCfg = Release|iPhoneSimulator
		{53094F6C-5820-4392-8BE1-B105E36745A3}.Release|iPhoneSimulator.Build.0 = Release|iPhoneSimulator
		{53094F6C-5820-4392-8BE1-B105E36745A3}.Release|iPhoneSimulator.Deploy.0 = Release|iPhoneSimulator
		{53094F6C-5820-4392-8BE1-B105E36745A3}.Release|x64.ActiveCfg = Release|iPhoneSimulator
		{53094F6C-5820-4392-8BE1-B105E36745A3}.Release|x64.Build.0 = Release|iPhoneSimulator
		{53094F6C-5820-4392-8BE1-B105E36745A3}.Release|x64.Deploy.0 = Release|iPhoneSimulator
		{53094F6C-5820-4392-8BE1-B105E36745A3}.Release|x86.ActiveCfg = Release|iPhoneSimulator
		{53094F6C-5820-4392-8BE1-B105E36745A3}.Release|x86.Build.0 = Release|iPhoneSimulator
		{53094F6C-5820-4392-8BE1-B105E36745A3}.Release|x86.Deploy.0 = Release|iPhoneSimulator
		{604D53CE-B253-4B9C-931C-B5E765BBA236}.Debug|Any CPU.ActiveCfg = Debug|Any CPU
		{604D53CE-B253-4B9C-931C-B5E765BBA236}.Debug|Any CPU.Build.0 = Debug|Any CPU
		{604D53CE-B253-4B9C-931C-B5E765BBA236}.Debug|Any CPU.Deploy.0 = Debug|Any CPU
		{604D53CE-B253-4B9C-931C-B5E765BBA236}.Debug|ARM.ActiveCfg = Debug|Any CPU
		{604D53CE-B253-4B9C-931C-B5E765BBA236}.Debug|ARM.Build.0 = Debug|Any CPU
		{604D53CE-B253-4B9C-931C-B5E765BBA236}.Debug|ARM.Deploy.0 = Debug|Any CPU
		{604D53CE-B253-4B9C-931C-B5E765BBA236}.Debug|iPhone.ActiveCfg = Debug|Any CPU
		{604D53CE-B253-4B9C-931C-B5E765BBA236}.Debug|iPhone.Build.0 = Debug|Any CPU
		{604D53CE-B253-4B9C-931C-B5E765BBA236}.Debug|iPhone.Deploy.0 = Debug|Any CPU
		{604D53CE-B253-4B9C-931C-B5E765BBA236}.Debug|iPhoneSimulator.ActiveCfg = Debug|Any CPU
		{604D53CE-B253-4B9C-931C-B5E765BBA236}.Debug|iPhoneSimulator.Build.0 = Debug|Any CPU
		{604D53CE-B253-4B9C-931C-B5E765BBA236}.Debug|iPhoneSimulator.Deploy.0 = Debug|Any CPU
		{604D53CE-B253-4B9C-931C-B5E765BBA236}.Debug|x64.ActiveCfg = Debug|Any CPU
		{604D53CE-B253-4B9C-931C-B5E765BBA236}.Debug|x64.Build.0 = Debug|Any CPU
		{604D53CE-B253-4B9C-931C-B5E765BBA236}.Debug|x64.Deploy.0 = Debug|Any CPU
		{604D53CE-B253-4B9C-931C-B5E765BBA236}.Debug|x86.ActiveCfg = Debug|Any CPU
		{604D53CE-B253-4B9C-931C-B5E765BBA236}.Debug|x86.Build.0 = Debug|Any CPU
		{604D53CE-B253-4B9C-931C-B5E765BBA236}.Debug|x86.Deploy.0 = Debug|Any CPU
		{604D53CE-B253-4B9C-931C-B5E765BBA236}.Release|Any CPU.ActiveCfg = Release|Any CPU
		{604D53CE-B253-4B9C-931C-B5E765BBA236}.Release|Any CPU.Build.0 = Release|Any CPU
		{604D53CE-B253-4B9C-931C-B5E765BBA236}.Release|Any CPU.Deploy.0 = Release|Any CPU
		{604D53CE-B253-4B9C-931C-B5E765BBA236}.Release|ARM.ActiveCfg = Release|Any CPU
		{604D53CE-B253-4B9C-931C-B5E765BBA236}.Release|ARM.Build.0 = Release|Any CPU
		{604D53CE-B253-4B9C-931C-B5E765BBA236}.Release|ARM.Deploy.0 = Release|Any CPU
		{604D53CE-B253-4B9C-931C-B5E765BBA236}.Release|iPhone.ActiveCfg = Release|Any CPU
		{604D53CE-B253-4B9C-931C-B5E765BBA236}.Release|iPhone.Build.0 = Release|Any CPU
		{604D53CE-B253-4B9C-931C-B5E765BBA236}.Release|iPhone.Deploy.0 = Release|Any CPU
		{604D53CE-B253-4B9C-931C-B5E765BBA236}.Release|iPhoneSimulator.ActiveCfg = Release|Any CPU
		{604D53CE-B253-4B9C-931C-B5E765BBA236}.Release|iPhoneSimulator.Build.0 = Release|Any CPU
		{604D53CE-B253-4B9C-931C-B5E765BBA236}.Release|iPhoneSimulator.Deploy.0 = Release|Any CPU
		{604D53CE-B253-4B9C-931C-B5E765BBA236}.Release|x64.ActiveCfg = Release|Any CPU
		{604D53CE-B253-4B9C-931C-B5E765BBA236}.Release|x64.Build.0 = Release|Any CPU
		{604D53CE-B253-4B9C-931C-B5E765BBA236}.Release|x64.Deploy.0 = Release|Any CPU
		{604D53CE-B253-4B9C-931C-B5E765BBA236}.Release|x86.ActiveCfg = Release|Any CPU
		{604D53CE-B253-4B9C-931C-B5E765BBA236}.Release|x86.Build.0 = Release|Any CPU
		{604D53CE-B253-4B9C-931C-B5E765BBA236}.Release|x86.Deploy.0 = Release|Any CPU
	EndGlobalSection
	GlobalSection(SolutionProperties) = preSolution
		HideSolutionNode = FALSE
	EndGlobalSection
	GlobalSection(ExtensibilityGlobals) = postSolution
		SolutionGuid = {349A84FA-3CE6-4102-A266-3E1488731F20}
	EndGlobalSection
EndGlobal
